#MicroXplorer Configuration settings - do not modify
Mcu.Family=STM32F4
PA11.GPIO_Speed=GPIO_SPEED_FREQ_VERY_HIGH
ProjectManager.MainLocation=Core/Src
PH0-OSC_IN.Locked=true
PA6.Mode=Full_Duplex_Master
PH0-OSC_IN.Signal=RCC_OSC_IN
USART2.IPParameters=VirtualMode,BaudRate
RCC.CortexFreq_Value=90000000
SPI3.Direction=SPI_DIRECTION_2LINES
SPI3.VirtualType=VM_MASTER
ProjectManager.KeepUserCode=true
Mcu.UserName=STM32F446RETx
SPI1.VirtualType=VM_MASTER
ADC2.Channel-0\#ChannelRegularConversion=ADC_CHANNEL_11
TIM1.RepetitionCounter=1
PC12.Locked=true
TIM1.IPParameters=CounterMode,Period,RepetitionCounter,AutoReloadPreload,Channel-PWM Generation1 CH1,Channel-PWM Generation2 CH2,Channel-PWM Generation3 CH3,OCFastMode_PWM-PWM Generation2 CH2,OCFastMode_PWM-PWM Generation1 CH1,OCFastMode_PWM-PWM Generation3 CH3,OCPolarity_1,OCPolarity_2,OCPolarity_3,BreakPolarity
PC10.Locked=true
RCC.PLLCLKFreq_Value=90000000
PC12.Signal=SPI3_MOSI
PC10.Signal=SPI3_SCK
PA14.GPIO_Label=TCK
RCC.PLLQCLKFreq_Value=90000000
PC5.Locked=true
ProjectManager.functionlistsort=1-MX_GPIO_Init-GPIO-false-HAL-true,2-SystemClock_Config-RCC-false-HAL-false,3-MX_USART2_UART_Init-USART2-false-HAL-true,4-MX_TIM1_Init-TIM1-false-HAL-true,5-MX_CAN1_Init-CAN1-false-HAL-true,6-MX_SPI1_Init-SPI1-false-HAL-true,7-MX_SPI3_Init-SPI3-false-HAL-true,8-MX_ADC1_Init-ADC1-false-HAL-true,9-MX_ADC2_Init-ADC2-false-HAL-true,10-MX_ADC3_Init-ADC3-false-HAL-true
PA9.GPIOParameters=GPIO_Speed
PA11.GPIOParameters=GPIO_Speed
RCC.RTCFreq_Value=32000
PA3.GPIOParameters=GPIO_Label
RCC.PLLI2SRCLKFreq_Value=48000000
SH.S_TIM1_CH3.ConfNb=1
TIM1.OCFastMode_PWM-PWM\ Generation1\ CH1=TIM_OCFAST_ENABLE
SH.S_TIM1_CH1.ConfNb=1
PC13.GPIO_Label=B1 [Blue PushButton]
PC1.Locked=true
RCC.SAIAFreq_Value=48000000
PA2.GPIOParameters=GPIO_Label
ADC3.Mode=ADC_TRIPLEMODE_REGSIMULT
PinOutPanel.RotationAngle=0
ADC3.Rank-2\#ChannelRegularConversion=1
RCC.SYSCLKSource=RCC_SYSCLKSOURCE_PLLCLK
ProjectManager.StackSize=0x400
SH.GPXTI13.0=GPIO_EXTI13
Mcu.IP4=NVIC
Mcu.IP5=RCC
RCC.FCLKCortexFreq_Value=90000000
Mcu.IP2=ADC3
NVIC.SVCall_IRQn=true\:0\:0\:false\:false\:true\:false\:false
Mcu.IP3=CAN1
Mcu.IP0=ADC1
Mcu.IP1=ADC2
Mcu.UserConstants=
SH.GPXTI13.ConfNb=1
Mcu.ThirdPartyNb=0
ADC1.Mode=ADC_TRIPLEMODE_REGSIMULT
RCC.SDIOFreq_Value=90000000
SPI1.Direction=SPI_DIRECTION_2LINES
RCC.HCLKFreq_Value=90000000
Mcu.IPNb=11
RCC.I2SClocksFreq_Value=96000000
ProjectManager.PreviousToolchain=
RCC.APB2TimFreq_Value=90000000
RCC.SPDIFRXFreq_Value=90000000
RCC.VcooutputI2S=96000000
SPI1.CalculateBaudRate=703.125 KBits/s
PA8.GPIOParameters=GPIO_Speed
Mcu.Pin6=PA2
Mcu.Pin7=PA3
Mcu.Pin8=PA4
Mcu.Pin9=PA5
RCC.VCOSAIOutputFreq_Value=96000000
RCC.AHBFreq_Value=90000000
PH0-OSC_IN.Mode=HSE-External-Oscillator
Mcu.Pin0=PC13
SPI3.DataSize=SPI_DATASIZE_16BIT
Mcu.Pin1=PH0-OSC_IN
GPIO.groupedBy=Group By Peripherals
Mcu.Pin2=PH1-OSC_OUT
Mcu.Pin3=PC0
Mcu.Pin4=PC1
Mcu.Pin5=PA0-WKUP
ADC1.Channel-0\#ChannelRegularConversion=ADC_CHANNEL_10
ProjectManager.ProjectBuild=false
RCC.HSE_VALUE=8000000
NVIC.UsageFault_IRQn=true\:0\:0\:false\:false\:true\:true\:false
NVIC.DebugMonitor_IRQn=true\:0\:0\:false\:false\:true\:true\:false
PA4.Locked=true
ADC3.SamplingTime-2\#ChannelRegularConversion=ADC_SAMPLETIME_3CYCLES
Mcu.IP10=USART2
NVIC.SysTick_IRQn=true\:0\:0\:true\:false\:true\:true\:true
PA4.GPIO_Speed=GPIO_SPEED_FREQ_VERY_HIGH
ProjectManager.FirmwarePackage=STM32Cube FW_F4 V1.26.1
MxDb.Version=DB.6.0.21
ProjectManager.BackupPrevious=false
RCC.VCOInputFreq_Value=1000000
TIM1.Channel-PWM\ Generation1\ CH1=TIM_CHANNEL_1
PA14.Mode=Serial_Wire
SPI1.DataSize=SPI_DATASIZE_16BIT
File.Version=6
PH1-OSC_OUT.Locked=true
ADC3.IPParameters=Rank-2\#ChannelRegularConversion,Mode,Channel-2\#ChannelRegularConversion,SamplingTime-2\#ChannelRegularConversion,NbrOfConversionFlag,ClockPrescaler
SH.ADCx_IN11.ConfNb=1
PB3.GPIOParameters=GPIO_Label
PB8.Locked=true
PA8.Signal=S_TIM1_CH1
RCC.PLLRCLKFreq_Value=90000000
SH.ADCx_IN0.0=ADC3_IN0,IN0
NVIC.PendSV_IRQn=true\:0\:0\:false\:false\:true\:false\:false
SPI1.FirstBit=SPI_FIRSTBIT_MSB
ADC3.Channel-2\#ChannelRegularConversion=ADC_CHANNEL_0
RCC.PLLI2SoutputFreq_Value=48000000
ProjectManager.HalAssertFull=false
VP_TIM1_VS_ClockSourceINT.Mode=Internal
ADC1.SamplingTime-0\#ChannelRegularConversion=ADC_SAMPLETIME_3CYCLES
ProjectManager.ProjectName=motorcontrol
RCC.FLatency-AdvancedSettings=FLASH_LATENCY_2
PA13.GPIOParameters=GPIO_Label
PH1-OSC_OUT.Mode=HSE-External-Oscillator
RCC.MCO2PinFreq_Value=90000000
CAN1.Prescaler=5
Mcu.Package=LQFP64
PB9.Signal=CAN1_TX
PA6.Signal=SPI1_MISO
PA7.Locked=true
PA5.Locked=true
RCC.I2S2Freq_Value=48000000
SPI3.Mode=SPI_MODE_MASTER
USART2.VirtualMode=VM_ASYNC
PA14.Locked=true
TIM1.OCFastMode_PWM-PWM\ Generation3\ CH3=TIM_OCFAST_ENABLE
ProjectManager.ToolChainLocation=
PA2.GPIO_Label=USART_TX
RCC.LSI_VALUE=32000
VP_SYS_VS_Systick.Signal=SYS_VS_Systick
PA10.Signal=S_TIM1_CH3
PA15.Signal=GPIO_Output
ADC2.SamplingTime-0\#ChannelRegularConversion=ADC_SAMPLETIME_3CYCLES
PC11.Mode=Full_Duplex_Master
ADC3.ClockPrescaler=ADC_CLOCK_SYNC_PCLK_DIV4
PA10.GPIO_Speed=GPIO_SPEED_FREQ_VERY_HIGH
RCC.APB2CLKDivider=RCC_HCLK_DIV2
RCC.CECFreq_Value=32786.88524590164
RCC.APB1TimFreq_Value=45000000
NVIC.BusFault_IRQn=true\:0\:0\:false\:false\:true\:true\:false
SPI3.IPParameters=VirtualType,Mode,Direction,CalculateBaudRate,DataSize,BaudRatePrescaler
PC5.Signal=GPIO_Output
TIM1.Period=0x8CA
ADC2.Rank-0\#ChannelRegularConversion=1
RCC.SAIBFreq_Value=48000000
SPI1.BaudRatePrescaler=SPI_BAUDRATEPRESCALER_64
CAN1.CalculateTimeBit=2222.22
ADC1.EOCSelection=ADC_EOC_SINGLE_CONV
PA8.GPIO_Speed=GPIO_SPEED_FREQ_VERY_HIGH
ProjectManager.CustomerFirmwarePackage=
RCC.PLLSAIQCLKFreq_Value=48000000
PB3.Locked=true
PA3.Signal=USART2_RX
CAN1.CalculateTimeQuantum=222.22222222222223
PA5.Mode=Full_Duplex_Master
PA2.Locked=true
PB3.GPIO_Label=SWO
ADC2.ClockPrescaler=ADC_CLOCK_SYNC_PCLK_DIV4
RCC.PLLSourceVirtual=RCC_PLLSOURCE_HSE
TIM1.OCPolarity_1=TIM_OCPOLARITY_LOW
ProjectManager.ProjectFileName=motorcontrol.ioc
TIM1.OCPolarity_3=TIM_OCPOLARITY_LOW
TIM1.OCPolarity_2=TIM_OCPOLARITY_LOW
ADC2.Mode=ADC_TRIPLEMODE_REGSIMULT
ADC1.Rank-0\#ChannelRegularConversion=1
PA7.Mode=Full_Duplex_Master
PA15.GPIOParameters=GPIO_Speed
Mcu.PinsNb=28
ProjectManager.NoMain=false
PC11.Locked=true
SPI1.IPParameters=VirtualType,Mode,Direction,CalculateBaudRate,DataSize,BaudRatePrescaler,FirstBit,CLKPhase
ADC1.IPParameters=Rank-0\#ChannelRegularConversion,master,Channel-0\#ChannelRegularConversion,SamplingTime-0\#ChannelRegularConversion,NbrOfConversionFlag,Mode,EOCSelection,ExternalTrigConv,NbrOfConversion,ClockPrescaler
PC13.Locked=true
TIM1.CounterMode=TIM_COUNTERMODE_CENTERALIGNED1
PC11.Signal=SPI3_MISO
PC13.Signal=GPXTI13
CAN1.IPParameters=CalculateTimeQuantum,Prescaler,BS1,BS2,CalculateTimeBit,CalculateBaudRate
RCC.FMPI2C1Freq_Value=22500000
CAN1.CalculateBaudRate=450000
RCC.VCOI2SInputFreq_Value=500000
PC10.Mode=Full_Duplex_Master
ProjectManager.DefaultFWLocation=true
SPI1.CLKPhase=SPI_PHASE_2EDGE
ProjectManager.DeletePrevious=true
PC0.Signal=ADCx_IN10
RCC.APB1CLKDivider=RCC_HCLK_DIV4
boardIOC=true
NVIC.USART2_IRQn=true\:0\:0\:false\:false\:true\:true\:true
USART2.BaudRate=115200
RCC.FamilyName=M
PA0-WKUP.Signal=ADCx_IN0
PA0-WKUP.Locked=true
TIM1.OCFastMode_PWM-PWM\ Generation2\ CH2=TIM_OCFAST_ENABLE
PA13.Signal=SYS_JTMS-SWDIO
PA3.Mode=Asynchronous
TIM1.AutoReloadPreload=TIM_AUTORELOAD_PRELOAD_ENABLE
PA15.Locked=true
PA11.Locked=true
SH.S_TIM1_CH1.0=TIM1_CH1,PWM Generation1 CH1
CAN1.BS2=CAN_BS2_2TQ
CAN1.BS1=CAN_BS1_7TQ
ProjectManager.TargetToolchain=STM32CubeIDE
ADC2.IPParameters=Rank-0\#ChannelRegularConversion,Channel-0\#ChannelRegularConversion,SamplingTime-0\#ChannelRegularConversion,NbrOfConversionFlag,Mode,ClockPrescaler
PC5.GPIOParameters=GPIO_Speed
PB9.Mode=CAN_Activate
PA9.Signal=S_TIM1_CH2
VP_TIM1_VS_ClockSourceINT.Signal=TIM1_VS_ClockSourceINT
TIM1.Channel-PWM\ Generation2\ CH2=TIM_CHANNEL_2
RCC.I2S1Freq_Value=48000000
PB9.Locked=true
RCC.VCOInputMFreq_Value=1000000
ProjectManager.RegisterCallBack=
RCC.USBFreq_Value=90000000
RCC.PLLSAIoutputFreq_Value=48000000
SH.S_TIM1_CH2.ConfNb=1
RCC.VCOI2SOutputFreq_Value=96000000
PA5.Signal=SPI1_SCK
PC12.Mode=Full_Duplex_Master
RCC.PLLSAIPCLKFreq_Value=48000000
board=NUCLEO-F446RE
RCC.VCOOutputFreq_Value=180000000
ProjectManager.LastFirmware=true
RCC.APB2Freq_Value=45000000
SPI3.CalculateBaudRate=11.25 MBits/s
SH.ADCx_IN11.0=ADC2_IN11,IN11
MxCube.Version=6.2.1
SH.S_TIM1_CH2.0=TIM1_CH2,PWM Generation2 CH2
RCC.PLLI2SPCLKFreq_Value=48000000
SPI1.Mode=SPI_MODE_MASTER
SH.ADCx_IN0.ConfNb=1
PC13.GPIOParameters=GPIO_Label,GPIO_ModeDefaultEXTI
SH.ADCx_IN10.ConfNb=1
SPI3.BaudRatePrescaler=SPI_BAUDRATEPRESCALER_2
PA10.GPIOParameters=GPIO_Speed
VP_SYS_VS_Systick.Mode=SysTick
RCC.EthernetFreq_Value=84000000
PH1-OSC_OUT.Signal=RCC_OSC_OUT
NVIC.NonMaskableInt_IRQn=true\:0\:0\:false\:false\:true\:true\:false
PA4.GPIOParameters=GPIO_Speed
TIM1.BreakPolarity=TIM_BREAKPOLARITY_HIGH
ADC1.NbrOfConversion=1
PA13.Mode=Serial_Wire
ProjectManager.FreePins=false
RCC.IPParameters=48MHZClocksFreq_Value,AHBFreq_Value,APB1CLKDivider,APB1Freq_Value,APB1TimFreq_Value,APB2CLKDivider,APB2Freq_Value,APB2TimFreq_Value,CECFreq_Value,CortexFreq_Value,EthernetFreq_Value,FCLKCortexFreq_Value,FLatency-AdvancedSettings,FMPI2C1Freq_Value,FamilyName,HCLKFreq_Value,HSE_VALUE,HSI_VALUE,I2S1Freq_Value,I2S2Freq_Value,I2SClocksFreq_Value,LSI_VALUE,MCO2PinFreq_Value,PLLCLKFreq_Value,PLLI2SPCLKFreq_Value,PLLI2SQCLKFreq_Value,PLLI2SRCLKFreq_Value,PLLI2SoutputFreq_Value,PLLM,PLLN,PLLQCLKFreq_Value,PLLRCLKFreq_Value,PLLSAIPCLKFreq_Value,PLLSAIQCLKFreq_Value,PLLSAIoutputFreq_Value,PLLSourceVirtual,PWRFreq_Value,RTCFreq_Value,RTCHSEDivFreq_Value,SAIAFreq_Value,SAIBFreq_Value,SDIOFreq_Value,SPDIFRXFreq_Value,SYSCLKFreq_VALUE,SYSCLKSource,USBFreq_Value,VCOI2SInputFreq_Value,VCOI2SOutputFreq_Value,VCOInputFreq_Value,VCOInputMFreq_Value,VCOOutputFreq_Value,VCOSAIInputFreq_Value,VCOSAIOutputFreq_Value,VcooutputI2S
ProjectManager.AskForMigrate=true
Mcu.Name=STM32F446R(C-E)Tx
RCC.PLLI2SQCLKFreq_Value=48000000
Mcu.Pin26=VP_SYS_VS_Systick
Mcu.Pin27=VP_TIM1_VS_ClockSourceINT
RCC.RTCHSEDivFreq_Value=4000000
PA2.Signal=USART2_TX
PA13.GPIO_Label=TMS
Mcu.Pin24=PB8
ProjectManager.UnderRoot=true
Mcu.Pin25=PB9
Mcu.IP8=SYS
ADC1.ExternalTrigConv=ADC_SOFTWARE_START
Mcu.IP9=TIM1
Mcu.IP6=SPI1
RCC.VCOSAIInputFreq_Value=500000
Mcu.IP7=SPI3
ProjectManager.CoupleFile=true
RCC.48MHZClocksFreq_Value=84000000
PB3.Signal=SYS_JTDO-SWO
PA4.Signal=GPIO_Output
RCC.SYSCLKFreq_VALUE=90000000
Mcu.Pin22=PC12
Mcu.Pin23=PB3
Mcu.Pin20=PC10
ADC1.master=1
PA3.Locked=true
Mcu.Pin21=PC11
ADC2.NbrOfConversionFlag=1
NVIC.ForceEnableDMAVector=true
KeepUserPlacement=false
PC13.GPIO_ModeDefaultEXTI=GPIO_MODE_IT_FALLING
PA14.GPIOParameters=GPIO_Label
NVIC.MemoryManagement_IRQn=true\:0\:0\:false\:false\:true\:true\:false
PA13.Locked=true
ProjectManager.CompilerOptimize=6
PA15.GPIO_Speed=GPIO_SPEED_FREQ_VERY_HIGH
PA11.Signal=GPIO_Output
PA14.Signal=SYS_JTCK-SWCLK
SH.ADCx_IN10.0=ADC1_IN10,IN10
ProjectManager.HeapSize=0x200
Mcu.Pin15=PA10
NVIC.HardFault_IRQn=true\:0\:0\:false\:false\:true\:true\:false
Mcu.Pin16=PA11
Mcu.Pin13=PA8
SH.S_TIM1_CH3.0=TIM1_CH3,PWM Generation3 CH3
Mcu.Pin14=PA9
Mcu.Pin19=PA15
NVIC.TIM1_UP_TIM10_IRQn=true\:0\:0\:false\:false\:true\:true\:true
ProjectManager.ComputerToolchain=false
Mcu.Pin17=PA13
RCC.HSI_VALUE=16000000
Mcu.Pin18=PA14
NVIC.PriorityGroup=NVIC_PRIORITYGROUP_0
ADC1.NbrOfConversionFlag=1
Mcu.Pin11=PA7
PC5.GPIO_Speed=GPIO_SPEED_FREQ_VERY_HIGH
Mcu.Pin12=PC5
RCC.PLLM=8
PB8.Mode=CAN_Activate
RCC.PLLN=180
Mcu.Pin10=PA6
PA2.Mode=Asynchronous
PA9.GPIO_Speed=GPIO_SPEED_FREQ_VERY_HIGH
PB8.Signal=CAN1_RX
RCC.PWRFreq_Value=90000000
TIM1.Channel-PWM\ Generation3\ CH3=TIM_CHANNEL_3
RCC.APB1Freq_Value=22500000
ADC3.NbrOfConversionFlag=1
ADC1.ClockPrescaler=ADC_CLOCK_SYNC_PCLK_DIV4
PC0.Locked=true
ProjectManager.DeviceId=STM32F446RETx
PC1.Signal=ADCx_IN11
ProjectManager.LibraryCopy=1
NVIC.CAN1_RX0_IRQn=true\:0\:0\:false\:false\:true\:true\:true
PA3.GPIO_Label=USART_RX
PA7.Signal=SPI1_MOSI
PA6.Locked=true
isbadioc=false
